// !$*UTF8*$!
{
	archiveVersion = 1;
	classes = {
	};
	objectVersion = 56;
	objects = {

/* Begin PBXBuildFile section */
		0C4ABEC12A4A2CC000B6BF42 /* AppDelegate.swift in Sources */ = {isa = PBXBuildFile; fileRef = 0C4ABEC02A4A2CC000B6BF42 /* AppDelegate.swift */; };
		0C4ABEC32A4A2CC000B6BF42 /* SceneDelegate.swift in Sources */ = {isa = PBXBuildFile; fileRef = 0C4ABEC22A4A2CC000B6BF42 /* SceneDelegate.swift */; };
		0C4ABEC52A4A2CC000B6BF42 /* ViewController.swift in Sources */ = {isa = PBXBuildFile; fileRef = 0C4ABEC42A4A2CC000B6BF42 /* ViewController.swift */; };
		0C4ABEC82A4A2CC000B6BF42 /* Main.storyboard in Resources */ = {isa = PBXBuildFile; fileRef = 0C4ABEC62A4A2CC000B6BF42 /* Main.storyboard */; };
		0C4ABECA2A4A2CC300B6BF42 /* Assets.xcassets in Resources */ = {isa = PBXBuildFile; fileRef = 0C4ABEC92A4A2CC300B6BF42 /* Assets.xcassets */; };
		0C4ABECD2A4A2CC300B6BF42 /* LaunchScreen.storyboard in Resources */ = {isa = PBXBuildFile; fileRef = 0C4ABECB2A4A2CC300B6BF42 /* LaunchScreen.storyboard */; };
		0C4ABED92A4A406C00B6BF42 /* city.swift in Sources */ = {isa = PBXBuildFile; fileRef = 0C4ABED82A4A406C00B6BF42 /* city.swift */; };
		0C4ABEDB2A4A4C9900B6BF42 /* TableViewCell.swift in Sources */ = {isa = PBXBuildFile; fileRef = 0C4ABEDA2A4A4C9900B6BF42 /* TableViewCell.swift */; };
		0C5489A62A4B943000ECE347 /* TableViewDetail.swift in Sources */ = {isa = PBXBuildFile; fileRef = 0C5489A52A4B943000ECE347 /* TableViewDetail.swift */; };
/* End PBXBuildFile section */

/* Begin PBXFileReference section */
		0C4ABEBD2A4A2CC000B6BF42 /* projektiMobile2023.app */ = {isa = PBXFileReference; explicitFileType = wrapper.application; includeInIndex = 0; path = projektiMobile2023.app; sourceTree = BUILT_PRODUCTS_DIR; };
		0C4ABEC02A4A2CC000B6BF42 /* AppDelegate.swift */ = {isa = PBXFileReference; lastKnownFileType = sourcecode.swift; path = AppDelegate.swift; sourceTree = "<group>"; };
		0C4ABEC22A4A2CC000B6BF42 /* SceneDelegate.swift */ = {isa = PBXFileReference; lastKnownFileType = sourcecode.swift; path = SceneDelegate.swift; sourceTree = "<group>"; };
		0C4ABEC42A4A2CC000B6BF42 /* ViewController.swift */ = {isa = PBXFileReference; lastKnownFileType = sourcecode.swift; path = ViewController.swift; sourceTree = "<group>"; };
		0C4ABEC72A4A2CC000B6BF42 /* Base */ = {isa = PBXFileReference; lastKnownFileType = file.storyboard; name = Base; path = Base.lproj/Main.storyboard; sourceTree = "<group>"; };
		0C4ABEC92A4A2CC300B6BF42 /* Assets.xcassets */ = {isa = PBXFileReference; lastKnownFileType = folder.assetcatalog; path = Assets.xcassets; sourceTree = "<group>"; };
		0C4ABECC2A4A2CC300B6BF42 /* Base */ = {isa = PBXFileReference; lastKnownFileType = file.storyboard; name = Base; path = Base.lproj/LaunchScreen.storyboard; sourceTree = "<group>"; };
		0C4ABECE2A4A2CC300B6BF42 /* Info.plist */ = {isa = PBXFileReference; lastKnownFileType = text.plist.xml; path = Info.plist; sourceTree = "<group>"; };
		0C4ABED82A4A406C00B6BF42 /* city.swift */ = {isa = PBXFileReference; lastKnownFileType = sourcecode.swift; path = city.swift; sourceTree = "<group>"; };
		0C4ABEDA2A4A4C9900B6BF42 /* TableViewCell.swift */ = {isa = PBXFileReference; lastKnownFileType = sourcecode.swift; path = TableViewCell.swift; sourceTree = "<group>"; };
		0C5489A52A4B943000ECE347 /* TableViewDetail.swift */ = {isa = PBXFileReference; lastKnownFileType = sourcecode.swift; path = TableViewDetail.swift; sourceTree = "<group>"; };
/* End PBXFileReference section */

/* Begin PBXFrameworksBuildPhase section */
		0C4ABEBA2A4A2CC000B6BF42 /* Frameworks */ = {
			isa = PBXFrameworksBuildPhase;
			buildActionMask = 2147483647;
			files = (
			);
			runOnlyForDeploymentPostprocessing = 0;
		};
/* End PBXFrameworksBuildPhase section */

/* Begin PBXGroup section */
		0C4ABEB42A4A2CC000B6BF42 = {
			isa = PBXGroup;
			children = (
				0C4ABEBF2A4A2CC000B6BF42 /* projektiMobile2023 */,
				0C4ABEBE2A4A2CC000B6BF42 /* Products */,
			);
			sourceTree = "<group>";
		};
		0C4ABEBE2A4A2CC000B6BF42 /* Products */ = {
			isa = PBXGroup;
			children = (
				0C4ABEBD2A4A2CC000B6BF42 /* projektiMobile2023.app */,
			);
			name = Products;
			sourceTree = "<group>";
		};
		0C4ABEBF2A4A2CC000B6BF42 /* projektiMobile2023 */ = {
			isa = PBXGroup;
			children = (
				0C4ABEC02A4A2CC000B6BF42 /* AppDelegate.swift */,
				0C4ABEDA2A4A4C9900B6BF42 /* TableViewCell.swift */,
				0C4ABED82A4A406C00B6BF42 /* city.swift */,
				0C4ABEC22A4A2CC000B6BF42 /* SceneDelegate.swift */,
				0C4ABEC42A4A2CC000B6BF42 /* ViewController.swift */,
				0C4ABEC62A4A2CC000B6BF42 /* Main.storyboard */,
				0C5489A52A4B943000ECE347 /* TableViewDetail.swift */,
				0C4ABEC92A4A2CC300B6BF42 /* Assets.xcassets */,
				0C4ABECB2A4A2CC300B6BF42 /* LaunchScreen.storyboard */,
				0C4ABECE2A4A2CC300B6BF42 /* Info.plist */,
			);
			path = projektiMobile2023;
			sourceTree = "<group>";
		};
/* End PBXGroup section */

/* Begin PBXNativeTarget section */
		0C4ABEBC2A4A2CC000B6BF42 /* projektiMobile2023 */ = {
			isa = PBXNativeTarget;
			buildConfigurationList = 0C4ABED12A4A2CC300B6BF42 /* Build configuration list for PBXNativeTarget "projektiMobile2023" */;
			buildPhases = (
				0C4ABEB92A4A2CC000B6BF42 /* Sources */,
				0C4ABEBA2A4A2CC000B6BF42 /* Frameworks */,
				0C4ABEBB2A4A2CC000B6BF42 /* Resources */,
			);
			buildRules = (
			);
			dependencies = (
			);
			name = projektiMobile2023;
			productName = projektiMobile2023;
			productReference = 0C4ABEBD2A4A2CC000B6BF42 /* projektiMobile2023.app */;
			productType = "com.apple.product-type.application";
		};
/* End PBXNativeTarget section */

/* Begin PBXProject section */
		0C4ABEB52A4A2CC000B6BF42 /* Project object */ = {
			isa = PBXProject;
			attributes = {
				BuildIndependentTargetsInParallel = 1;
				LastSwiftUpdateCheck = 1430;
				LastUpgradeCheck = 1430;
				TargetAttributes = {
					0C4ABEBC2A4A2CC000B6BF42 = {
						CreatedOnToolsVersion = 14.3.1;
					};
				};
			};
			buildConfigurationList = 0C4ABEB82A4A2CC000B6BF42 /* Build configuration list for PBXProject "projektiMobile2023" */;
			compatibilityVersion = "Xcode 14.0";
			developmentRegion = en;
			hasScannedForEncodings = 0;
			knownRegions = (
				en,
				Base,
			);
			mainGroup = 0C4ABEB42A4A2CC000B6BF42;
			productRefGroup = 0C4ABEBE2A4A2CC000B6BF42 /* Products */;
			projectDirPath = "";
			projectRoot = "";
			targets = (
				0C4ABEBC2A4A2CC000B6BF42 /* projektiMobile2023 */,
			);
		};
/* End PBXProject section */

/* Begin PBXResourcesBuildPhase section */
		0C4ABEBB2A4A2CC000B6BF42 /* Resources */ = {
			isa = PBXResourcesBuildPhase;
			buildActionMask = 2147483647;
			files = (
				0C4ABECD2A4A2CC300B6BF42 /* LaunchScreen.storyboard in Resources */,
				0C4ABECA2A4A2CC300B6BF42 /* Assets.xcassets in Resources */,
				0C4ABEC82A4A2CC000B6BF42 /* Main.storyboard in Resources */,
			);
			runOnlyForDeploymentPostprocessing = 0;
		};
/* End PBXResourcesBuildPhase section */

/* Begin PBXSourcesBuildPhase section */
		0C4ABEB92A4A2CC000B6BF42 /* Sources */ = {
			isa = PBXSourcesBuildPhase;
			buildActionMask = 2147483647;
			files = (
				0C4ABEC52A4A2CC000B6BF42 /* ViewController.swift in Sources */,
				0C4ABEC12A4A2CC000B6BF42 /* AppDelegate.swift in Sources */,
				0C4ABED92A4A406C00B6BF42 /* city.swift in Sources */,
				0C4ABEDB2A4A4C9900B6BF42 /* TableViewCell.swift in Sources */,
				0C5489A62A4B943000ECE347 /* TableViewDetail.swift in Sources */,
				0C4ABEC32A4A2CC000B6BF42 /* SceneDelegate.swift in Sources */,
			);
			runOnlyForDeploymentPostprocessing = 0;
		};
/* End PBXSourcesBuildPhase section */

/* Begin PBXVariantGroup section */
		0C4ABEC62A4A2CC000B6BF42 /* Main.storyboard */ = {
			isa = PBXVariantGroup;
			children = (
				0C4ABEC72A4A2CC000B6BF42 /* Base */,
			);
			name = Main.storyboard;
			sourceTree = "<group>";
		};
		0C4ABECB2A4A2CC300B6BF42 /* LaunchScreen.storyboard */ = {
			isa = PBXVariantGroup;
			children = (
				0C4ABECC2A4A2CC300B6BF42 /* Base */,
			);
			name = LaunchScreen.storyboard;
			sourceTree = "<group>";
		};
/* End PBXVariantGroup section */

/* Begin XCBuildConfiguration section */
		0C4ABECF2A4A2CC300B6BF42 /* Debug */ = {
			isa = XCBuildConfiguration;
			buildSettings = {
				ALWAYS_SEARCH_USER_PATHS = NO;
				CLANG_ANALYZER_NONNULL = YES;
				CLANG_ANALYZER_NUMBER_OBJECT_CONVERSION = YES_AGGRESSIVE;
				CLANG_CXX_LANGUAGE_STANDARD = "gnu++20";
				CLANG_ENABLE_MODULES = YES;
				CLANG_ENABLE_OBJC_ARC = YES;
				CLANG_ENABLE_OBJC_WEAK = YES;
				CLANG_WARN_BLOCK_CAPTURE_AUTORELEASING = YES;
				CLANG_WARN_BOOL_CONVERSION = YES;
				CLANG_WARN_COMMA = YES;
				CLANG_WARN_CONSTANT_CONVERSION = YES;
				CLANG_WARN_DEPRECATED_OBJC_IMPLEMENTATIONS = YES;
				CLANG_WARN_DIRECT_OBJC_ISA_USAGE = YES_ERROR;
				CLANG_WARN_DOCUMENTATION_COMMENTS = YES;
				CLANG_WARN_EMPTY_BODY = YES;
				CLANG_WARN_ENUM_CONVERSION = YES;
				CLANG_WARN_INFINITE_RECURSION = YES;
				CLANG_WARN_INT_CONVERSION = YES;
				CLANG_WARN_NON_LITERAL_NULL_CONVERSION = YES;
				CLANG_WARN_OBJC_IMPLICIT_RETAIN_SELF = YES;
				CLANG_WARN_OBJC_LITERAL_CONVERSION = YES;
				CLANG_WARN_OBJC_ROOT_CLASS = YES_ERROR;
				CLANG_WARN_QUOTED_INCLUDE_IN_FRAMEWORK_HEADER = YES;
				CLANG_WARN_RANGE_LOOP_ANALYSIS = YES;
				CLANG_WARN_STRICT_PROTOTYPES = YES;
				CLANG_WARN_SUSPICIOUS_MOVE = YES;
				CLANG_WARN_UNGUARDED_AVAILABILITY = YES_AGGRESSIVE;
				CLANG_WARN_UNREACHABLE_CODE = YES;
				CLANG_WARN__DUPLICATE_METHOD_MATCH = YES;
				COPY_PHASE_STRIP = NO;
				DEBUG_INFORMATION_FORMAT = dwarf;
				ENABLE_STRICT_OBJC_MSGSEND = YES;
				ENABLE_TESTABILITY = YES;
				GCC_C_LANGUAGE_STANDARD = gnu11;
				GCC_DYNAMIC_NO_PIC = NO;
				GCC_NO_COMMON_BLOCKS = YES;
				GCC_OPTIMIZATION_LEVEL = 0;
				GCC_PREPROCESSOR_DEFINITIONS = (
					"DEBUG=1",
					"$(inherited)",
				);
				GCC_WARN_64_TO_32_BIT_CONVERSION = YES;
				GCC_WARN_ABOUT_RETURN_TYPE = YES_ERROR;
				GCC_WARN_UNDECLARED_SELECTOR = YES;
				GCC_WARN_UNINITIALIZED_AUTOS = YES_AGGRESSIVE;
				GCC_WARN_UNUSED_FUNCTION = YES;
				GCC_WARN_UNUSED_VARIABLE = YES;
				IPHONEOS_DEPLOYMENT_TARGET = 16.4;
				MTL_ENABLE_DEBUG_INFO = INCLUDE_SOURCE;
				MTL_FAST_MATH = YES;
				ONLY_ACTIVE_ARCH = YES;
				SDKROOT = iphoneos;
				SWIFT_ACTIVE_COMPILATION_CONDITIONS = DEBUG;
				SWIFT_OPTIMIZATION_LEVEL = "-Onone";
			};
			name = Debug;
		};
		0C4ABED02A4A2CC300B6BF42 /* Release */ = {
			isa = XCBuildConfiguration;
			buildSettings = {
				ALWAYS_SEARCH_USER_PATHS = NO;
				CLANG_ANALYZER_NONNULL = YES;
				CLANG_ANALYZER_NUMBER_OBJECT_CONVERSION = YES_AGGRESSIVE;
				CLANG_CXX_LANGUAGE_STANDARD = "gnu++20";
				CLANG_ENABLE_MODULES = YES;
				CLANG_ENABLE_OBJC_ARC = YES;
				CLANG_ENABLE_OBJC_WEAK = YES;
				CLANG_WARN_BLOCK_CAPTURE_AUTORELEASING = YES;
				CLANG_WARN_BOOL_CONVERSION = YES;
				CLANG_WARN_COMMA = YES;
				CLANG_WARN_CONSTANT_CONVERSION = YES;
				CLANG_WARN_DEPRECATED_OBJC_IMPLEMENTATIONS = YES;
				CLANG_WARN_DIRECT_OBJC_ISA_USAGE = YES_ERROR;
				CLANG_WARN_DOCUMENTATION_COMMENTS = YES;
				CLANG_WARN_EMPTY_BODY = YES;
				CLANG_WARN_ENUM_CONVERSION = YES;
				CLANG_WARN_INFINITE_RECURSION = YES;
				CLANG_WARN_INT_CONVERSION = YES;
				CLANG_WARN_NON_LITERAL_NULL_CONVERSION = YES;
				CLANG_WARN_OBJC_IMPLICIT_RETAIN_SELF = YES;
				CLANG_WARN_OBJC_LITERAL_CONVERSION = YES;
				CLANG_WARN_OBJC_ROOT_CLASS = YES_ERROR;
				CLANG_WARN_QUOTED_INCLUDE_IN_FRAMEWORK_HEADER = YES;
				CLANG_WARN_RANGE_LOOP_ANALYSIS = YES;
				CLANG_WARN_STRICT_PROTOTYPES = YES;
				CLANG_WARN_SUSPICIOUS_MOVE = YES;
				CLANG_WARN_UNGUARDED_AVAILABILITY = YES_AGGRESSIVE;
				CLANG_WARN_UNREACHABLE_CODE = YES;
				CLANG_WARN__DUPLICATE_METHOD_MATCH = YES;
				COPY_PHASE_STRIP = NO;
				DEBUG_INFORMATION_FORMAT = "dwarf-with-dsym";
				ENABLE_NS_ASSERTIONS = NO;
				ENABLE_STRICT_OBJC_MSGSEND = YES;
				GCC_C_LANGUAGE_STANDARD = gnu11;
				GCC_NO_COMMON_BLOCKS = YES;
				GCC_WARN_64_TO_32_BIT_CONVERSION = YES;
				GCC_WARN_ABOUT_RETURN_TYPE = YES_ERROR;
				GCC_WARN_UNDECLARED_SELECTOR = YES;
				GCC_WARN_UNINITIALIZED_AUTOS = YES_AGGRESSIVE;
				GCC_WARN_UNUSED_FUNCTION = YES;
				GCC_WARN_UNUSED_VARIABLE = YES;
				IPHONEOS_DEPLOYMENT_TARGET = 16.4;
				MTL_ENABLE_DEBUG_INFO = NO;
				MTL_FAST_MATH = YES;
				SDKROOT = iphoneos;
				SWIFT_COMPILATION_MODE = wholemodule;
				SWIFT_OPTIMIZATION_LEVEL = "-O";
				VALIDATE_PRODUCT = YES;
			};
			name = Release;
		};
		0C4ABED22A4A2CC300B6BF42 /* Debug */ = {
			isa = XCBuildConfiguration;
			buildSettings = {
				ASSETCATALOG_COMPILER_APPICON_NAME = AppIcon;
				ASSETCATALOG_COMPILER_GLOBAL_ACCENT_COLOR_NAME = AccentColor;
				CODE_SIGN_STYLE = Automatic;
				CURRENT_PROJECT_VERSION = 1;
				GENERATE_INFOPLIST_FILE = YES;
				INFOPLIST_FILE = projektiMobile2023/Info.plist;
				INFOPLIST_KEY_UIApplicationSupportsIndirectInputEvents = YES;
				INFOPLIST_KEY_UILaunchStoryboardName = LaunchScreen;
				INFOPLIST_KEY_UIMainStoryboardFile = Main;
				INFOPLIST_KEY_UISupportedInterfaceOrientations_iPad = "UIInterfaceOrientationPortrait UIInterfaceOrientationPortraitUpsideDown UIInterfaceOrientationLandscapeLeft UIInterfaceOrientationLandscapeRight";
				INFOPLIST_KEY_UISupportedInterfaceOrientations_iPhone = "UIInterfaceOrientationPortrait UIInterfaceOrientationLandscapeLeft UIInterfaceOrientationLandscapeRight";
				LD_RUNPATH_SEARCH_PATHS = (
					"$(inherited)",
					"@executable_path/Frameworks",
				);
				MARKETING_VERSION = 1.0;
				PRODUCT_BUNDLE_IDENTIFIER = FIEK.projektiMobile2023;
				PRODUCT_NAME = "$(TARGET_NAME)";
				SWIFT_EMIT_LOC_STRINGS = YES;
				SWIFT_VERSION = 5.0;
				TARGETED_DEVICE_FAMILY = "1,2";
			};
			name = Debug;
		};
		0C4ABED32A4A2CC300B6BF42 /* Release */ = {
			isa = XCBuildConfiguration;
			buildSettings = {
				ASSETCATALOG_COMPILER_APPICON_NAME = AppIcon;
				ASSETCATALOG_COMPILER_GLOBAL_ACCENT_COLOR_NAME = AccentColor;
				CODE_SIGN_STYLE = Automatic;
				CURRENT_PROJECT_VERSION = 1;
				GENERATE_INFOPLIST_FILE = YES;
				INFOPLIST_FILE = projektiMobile2023/Info.plist;
				INFOPLIST_KEY_UIApplicationSupportsIndirectInputEvents = YES;
				INFOPLIST_KEY_UILaunchStoryboardName = LaunchScreen;
				INFOPLIST_KEY_UIMainStoryboardFile = Main;
				INFOPLIST_KEY_UISupportedInterfaceOrientations_iPad = "UIInterfaceOrientationPortrait UIInterfaceOrientationPortraitUpsideDown UIInterfaceOrientationLandscapeLeft UIInterfaceOrientationLandscapeRight";
				INFOPLIST_KEY_UISupportedInterfaceOrientations_iPhone = "UIInterfaceOrientationPortrait UIInterfaceOrientationLandscapeLeft UIInterfaceOrientationLandscapeRight";
				LD_RUNPATH_SEARCH_PATHS = (
					"$(inherited)",
					"@executable_path/Frameworks",
				);
				MARKETING_VERSION = 1.0;
				PRODUCT_BUNDLE_IDENTIFIER = FIEK.projektiMobile2023;
				PRODUCT_NAME = "$(TARGET_NAME)";
				SWIFT_EMIT_LOC_STRINGS = YES;
				SWIFT_VERSION = 5.0;
				TARGETED_DEVICE_FAMILY = "1,2";
			};
			name = Release;
		};
/* End XCBuildConfiguration section */

/* Begin XCConfigurationList section */
		0C4ABEB82A4A2CC000B6BF42 /* Build configuration list for PBXProject "projektiMobile2023" */ = {
			isa = XCConfigurationList;
			buildConfigurations = (
				0C4ABECF2A4A2CC300B6BF42 /* Debug */,
				0C4ABED02A4A2CC300B6BF42 /* Release */,
			);
			defaultConfigurationIsVisible = 0;
			defaultConfigurationName = Release;
		};
		0C4ABED12A4A2CC300B6BF42 /* Build configuration list for PBXNativeTarget "projektiMobile2023" */ = {
			isa = XCConfigurationList;
			buildConfigurations = (
				0C4ABED22A4A2CC300B6BF42 /* Debug */,
				0C4ABED32A4A2CC300B6BF42 /* Release */,
			);
			defaultConfigurationIsVisible = 0;
			defaultConfigurationName = Release;
		};
/* End XCConfigurationList section */
	};
	rootObject = 0C4ABEB52A4A2CC000B6BF42 /* Project object */;
}
